
Microsoft Visual Studio Solution File, Format Version 12.00
# Visual Studio Version 17
VisualStudioVersion = 17.9.34728.123
MinimumVisualStudioVersion = 10.0.40219.1
Project("{FAE04EC0-301F-11D3-BF4B-00C04F79EFBC}") = "P.A_numero", "P.A_numero\P.A_numero.csproj", "{89DC88A5-BCE4-4E42-8ED6-3E7C8D4C0E9B}"
EndProject
Global
	GlobalSection(SolutionConfigurationPlatforms) = preSolution
		Debug|Any CPU = Debug|Any CPU
		Release|Any CPU = Release|Any CPU
	EndGlobalSection
	GlobalSection(ProjectConfigurationPlatforms) = postSolution
		{89DC88A5-BCE4-4E42-8ED6-3E7C8D4C0E9B}.Debug|Any CPU.ActiveCfg = Debug|Any CPU
		{89DC88A5-BCE4-4E42-8ED6-3E7C8D4C0E9B}.Debug|Any CPU.Build.0 = Debug|Any CPU
		{89DC88A5-BCE4-4E42-8ED6-3E7C8D4C0E9B}.Release|Any CPU.ActiveCfg = Release|Any CPU
		{89DC88A5-BCE4-4E42-8ED6-3E7C8D4C0E9B}.Release|Any CPU.Build.0 = Release|Any CPU
	EndGlobalSection
	GlobalSection(SolutionProperties) = preSolution
		HideSolutionNode = FALSE
	EndGlobalSection
	GlobalSection(ExtensibilityGlobals) = postSolution
		SolutionGuid = {3ACD88DB-19BA-44D1-9335-11CDF0159EA1}
	EndGlobalSection
EndGlobal
